// !$*UTF8*$!
{
	archiveVersion = 1;
	classes = {
	};
	objectVersion = 46;
	objects = {

/* Begin PBXBuildFile section */
		124D398930F582E4D753660B /* Moya.h in Headers */ = {isa = PBXBuildFile; fileRef = F14AB41DB1EE091CE3A84360 /* Moya.h */; settings = {ATTRIBUTES = (Public, ); }; };
		2739C1770F175629C5EAF936 /* MoyaTests.h in Headers */ = {isa = PBXBuildFile; fileRef = 51598485BF854F99F885F8E2 /* MoyaTests.h */; settings = {ATTRIBUTES = (Public, ); }; };
		37E579C822978C0E47E631C8 /* Moya.framework in Frameworks */ = {isa = PBXBuildFile; fileRef = DDB6B626DA15501C5A910EBE /* Moya.framework */; };
		48109298C3A9E9BFBC497617 /* RxMoya.h in Headers */ = {isa = PBXBuildFile; fileRef = 829CDB2275E26C32D4C63F94 /* RxMoya.h */; settings = {ATTRIBUTES = (Public, ); }; };
		6A5B3153AEF4C5CAF95E4F23 /* Moya.framework in Frameworks */ = {isa = PBXBuildFile; fileRef = DDB6B626DA15501C5A910EBE /* Moya.framework */; };
		838E577A41B98670616CDCEA /* ReactiveMoya.h in Headers */ = {isa = PBXBuildFile; fileRef = B163C7B2D4C8C50D2604418F /* ReactiveMoya.h */; settings = {ATTRIBUTES = (Public, ); }; };
		87AFB266BA4A392AA5D622C9 /* RxMoyaTests.h in Headers */ = {isa = PBXBuildFile; fileRef = 312BA51E1D5B304263F5E7E7 /* RxMoyaTests.h */; settings = {ATTRIBUTES = (Public, ); }; };
		CFFE0E83FBAECA99052B0A6C /* Moya.framework in Frameworks */ = {isa = PBXBuildFile; fileRef = DDB6B626DA15501C5A910EBE /* Moya.framework */; };
		FB0AA5DABF85E521878B8197 /* RxMoya.framework in Frameworks */ = {isa = PBXBuildFile; fileRef = D551ECCF45C988F764D68685 /* RxMoya.framework */; };
/* End PBXBuildFile section */

/* Begin PBXContainerItemProxy section */
		1EADA0F2E432D0C41C6C70C9 /* PBXContainerItemProxy */ = {
			isa = PBXContainerItemProxy;
			containerPortal = F92F88F912B532F1644F34B1 /* Project object */;
			proxyType = 1;
			remoteGlobalIDString = 2A4492E831F4FF77A32FE39F;
			remoteInfo = RxMoya;
		};
/* End PBXContainerItemProxy section */

/* Begin PBXFileReference section */
		09CA7BEEE58AD7ABFCD1D813 /* ReactiveMoya.framework */ = {isa = PBXFileReference; explicitFileType = wrapper.framework; includeInIndex = 0; path = ReactiveMoya.framework; sourceTree = BUILT_PRODUCTS_DIR; };
		312BA51E1D5B304263F5E7E7 /* RxMoyaTests.h */ = {isa = PBXFileReference; includeInIndex = 1; lastKnownFileType = sourcecode.c.h; name = RxMoyaTests.h; path = "Supporting Files/RxMoyaTests.h"; sourceTree = "<group>"; };
		51598485BF854F99F885F8E2 /* MoyaTests.h */ = {isa = PBXFileReference; includeInIndex = 1; lastKnownFileType = sourcecode.c.h; name = MoyaTests.h; path = "Supporting Files/MoyaTests.h"; sourceTree = "<group>"; };
		829CDB2275E26C32D4C63F94 /* RxMoya.h */ = {isa = PBXFileReference; includeInIndex = 1; lastKnownFileType = sourcecode.c.h; name = RxMoya.h; path = "Supporting Files/RxMoya.h"; sourceTree = "<group>"; };
		8C0364A43832DF949080F053 /* RxMoyaTests.xctest */ = {isa = PBXFileReference; explicitFileType = wrapper.cfbundle; includeInIndex = 0; path = RxMoyaTests.xctest; sourceTree = BUILT_PRODUCTS_DIR; };
		B163C7B2D4C8C50D2604418F /* ReactiveMoya.h */ = {isa = PBXFileReference; includeInIndex = 1; lastKnownFileType = sourcecode.c.h; name = ReactiveMoya.h; path = "Supporting Files/ReactiveMoya.h"; sourceTree = "<group>"; };
		D551ECCF45C988F764D68685 /* RxMoya.framework */ = {isa = PBXFileReference; explicitFileType = wrapper.framework; includeInIndex = 0; path = RxMoya.framework; sourceTree = BUILT_PRODUCTS_DIR; };
		DDB6B626DA15501C5A910EBE /* Moya.framework */ = {isa = PBXFileReference; explicitFileType = wrapper.framework; includeInIndex = 0; path = Moya.framework; sourceTree = BUILT_PRODUCTS_DIR; };
		E5D7E13D5B637048534E586E /* Info.plist */ = {isa = PBXFileReference; includeInIndex = 1; lastKnownFileType = text.plist.xml; name = Info.plist; path = "Supporting Files/Info.plist"; sourceTree = "<group>"; };
		F14AB41DB1EE091CE3A84360 /* Moya.h */ = {isa = PBXFileReference; includeInIndex = 1; lastKnownFileType = sourcecode.c.h; name = Moya.h; path = "Supporting Files/Moya.h"; sourceTree = "<group>"; };
		F48672CA4BD67A30DC0FD1D1 /* MoyaTests.xctest */ = {isa = PBXFileReference; explicitFileType = wrapper.cfbundle; includeInIndex = 0; path = MoyaTests.xctest; sourceTree = BUILT_PRODUCTS_DIR; };
/* End PBXFileReference section */

/* Begin PBXFrameworksBuildPhase section */
		15CE8584D5C2B97ED62E9596 /* Frameworks */ = {
			isa = PBXFrameworksBuildPhase;
			buildActionMask = 2147483647;
			files = (
				FB0AA5DABF85E521878B8197 /* RxMoya.framework in Frameworks */,
			);
			runOnlyForDeploymentPostprocessing = 0;
		};
		37A2D7FFFCA1D79E586B6D4C /* Frameworks */ = {
			isa = PBXFrameworksBuildPhase;
			buildActionMask = 2147483647;
			files = (
				37E579C822978C0E47E631C8 /* Moya.framework in Frameworks */,
			);
			runOnlyForDeploymentPostprocessing = 0;
		};
		98CEDFD917CF9D8462AA5BC4 /* Frameworks */ = {
			isa = PBXFrameworksBuildPhase;
			buildActionMask = 2147483647;
			files = (
				CFFE0E83FBAECA99052B0A6C /* Moya.framework in Frameworks */,
			);
			runOnlyForDeploymentPostprocessing = 0;
		};
		C53A1B950C909E071576A8AF /* Frameworks */ = {
			isa = PBXFrameworksBuildPhase;
			buildActionMask = 2147483647;
			files = (
				6A5B3153AEF4C5CAF95E4F23 /* Moya.framework in Frameworks */,
			);
			runOnlyForDeploymentPostprocessing = 0;
		};
		F39229B61B3FEB145A06D68D /* Frameworks */ = {
			isa = PBXFrameworksBuildPhase;
			buildActionMask = 2147483647;
			files = (
			);
			runOnlyForDeploymentPostprocessing = 0;
		};
/* End PBXFrameworksBuildPhase section */

/* Begin PBXGroup section */
		08E1837AB424A8CBD12501C3 = {
			isa = PBXGroup;
			children = (
				C4CF8D22994AAAEF8E4ADA58 /* Products */,
				64FF957E44859955204022F7 /* Frameworks */,
				4417AB637597DEA18012955E /* Supporting Files */,
			);
			sourceTree = "<group>";
		};
		4417AB637597DEA18012955E /* Supporting Files */ = {
			isa = PBXGroup;
			children = (
				E5D7E13D5B637048534E586E /* Info.plist */,
				F14AB41DB1EE091CE3A84360 /* Moya.h */,
				B163C7B2D4C8C50D2604418F /* ReactiveMoya.h */,
				829CDB2275E26C32D4C63F94 /* RxMoya.h */,
				312BA51E1D5B304263F5E7E7 /* RxMoyaTests.h */,
				51598485BF854F99F885F8E2 /* MoyaTests.h */,
			);
			name = "Supporting Files";
			sourceTree = "<group>";
		};
		64FF957E44859955204022F7 /* Frameworks */ = {
			isa = PBXGroup;
			children = (
			);
			name = Frameworks;
			sourceTree = "<group>";
		};
		C4CF8D22994AAAEF8E4ADA58 /* Products */ = {
			isa = PBXGroup;
			children = (
				DDB6B626DA15501C5A910EBE /* Moya.framework */,
				09CA7BEEE58AD7ABFCD1D813 /* ReactiveMoya.framework */,
				D551ECCF45C988F764D68685 /* RxMoya.framework */,
				8C0364A43832DF949080F053 /* RxMoyaTests.xctest */,
				F48672CA4BD67A30DC0FD1D1 /* MoyaTests.xctest */,
			);
			name = Products;
			sourceTree = "<group>";
		};
/* End PBXGroup section */

/* Begin PBXHeadersBuildPhase section */
		00504CFE1B0F4D63A38C3A8B /* Headers */ = {
			isa = PBXHeadersBuildPhase;
			buildActionMask = 2147483647;
			files = (
				838E577A41B98670616CDCEA /* ReactiveMoya.h in Headers */,
			);
			runOnlyForDeploymentPostprocessing = 0;
		};
		16E0396A01117947FAAC9EAF /* Headers */ = {
			isa = PBXHeadersBuildPhase;
			buildActionMask = 2147483647;
			files = (
				48109298C3A9E9BFBC497617 /* RxMoya.h in Headers */,
			);
			runOnlyForDeploymentPostprocessing = 0;
		};
		5DE1BC274DE99560B9FA6330 /* Headers */ = {
			isa = PBXHeadersBuildPhase;
			buildActionMask = 2147483647;
			files = (
				87AFB266BA4A392AA5D622C9 /* RxMoyaTests.h in Headers */,
			);
			runOnlyForDeploymentPostprocessing = 0;
		};
		71DFA88CF2EBEC43229A9590 /* Headers */ = {
			isa = PBXHeadersBuildPhase;
			buildActionMask = 2147483647;
			files = (
				2739C1770F175629C5EAF936 /* MoyaTests.h in Headers */,
			);
			runOnlyForDeploymentPostprocessing = 0;
		};
		B6C212E14B76D21BB0B59DCB /* Headers */ = {
			isa = PBXHeadersBuildPhase;
			buildActionMask = 2147483647;
			files = (
				124D398930F582E4D753660B /* Moya.h in Headers */,
			);
			runOnlyForDeploymentPostprocessing = 0;
		};
/* End PBXHeadersBuildPhase section */

/* Begin PBXNativeTarget section */
		2A4492E831F4FF77A32FE39F /* RxMoya */ = {
			isa = PBXNativeTarget;
			buildConfigurationList = 08A06A5CCE9C56E46445D314 /* Build configuration list for PBXNativeTarget "RxMoya" */;
			buildPhases = (
				16E0396A01117947FAAC9EAF /* Headers */,
				BF7821857F59E5A32195343B /* Sources */,
				37A2D7FFFCA1D79E586B6D4C /* Frameworks */,
			);
			buildRules = (
			);
			dependencies = (
			);
			name = RxMoya;
			productName = RxMoya;
			productReference = D551ECCF45C988F764D68685 /* RxMoya.framework */;
			productType = "com.apple.product-type.framework";
		};
		4EA37DF537AF1F956F667431 /* MoyaTests */ = {
			isa = PBXNativeTarget;
			buildConfigurationList = E9E536BD332E6DCB78C13061 /* Build configuration list for PBXNativeTarget "MoyaTests" */;
			buildPhases = (
				71DFA88CF2EBEC43229A9590 /* Headers */,
				339EB5B3A0EF7117EBC8CC9D /* Sources */,
				98CEDFD917CF9D8462AA5BC4 /* Frameworks */,
			);
			buildRules = (
			);
			dependencies = (
			);
			name = MoyaTests;
			productName = MoyaTests;
			productReference = F48672CA4BD67A30DC0FD1D1 /* MoyaTests.xctest */;
			productType = "com.apple.product-type.bundle.unit-test";
		};
		90FFFFCDC33FD043A2D2E0DB /* Moya */ = {
			isa = PBXNativeTarget;
			buildConfigurationList = 439906150597D93DA0E229A9 /* Build configuration list for PBXNativeTarget "Moya" */;
			buildPhases = (
				B6C212E14B76D21BB0B59DCB /* Headers */,
				4663B09DC68C267D3469A4CC /* Sources */,
				F39229B61B3FEB145A06D68D /* Frameworks */,
			);
			buildRules = (
			);
			dependencies = (
			);
			name = Moya;
			productName = Moya;
			productReference = DDB6B626DA15501C5A910EBE /* Moya.framework */;
			productType = "com.apple.product-type.framework";
		};
		9CE848B758F76F2AC4C23DA0 /* RxMoyaTests */ = {
			isa = PBXNativeTarget;
			buildConfigurationList = 0897B48BFFFD6BF592CC454F /* Build configuration list for PBXNativeTarget "RxMoyaTests" */;
			buildPhases = (
				5DE1BC274DE99560B9FA6330 /* Headers */,
				12891D4AD69675122FF68BE8 /* Sources */,
				15CE8584D5C2B97ED62E9596 /* Frameworks */,
			);
			buildRules = (
			);
			dependencies = (
				C0F5552EFFA31DC7614F0FF3 /* PBXTargetDependency */,
			);
			name = RxMoyaTests;
			productName = RxMoyaTests;
			productReference = 8C0364A43832DF949080F053 /* RxMoyaTests.xctest */;
			productType = "com.apple.product-type.bundle.unit-test";
		};
		B99C51ACBEC397DF2D5BB447 /* ReactiveMoya */ = {
			isa = PBXNativeTarget;
			buildConfigurationList = 45FFDA6929F434912F19E067 /* Build configuration list for PBXNativeTarget "ReactiveMoya" */;
			buildPhases = (
				00504CFE1B0F4D63A38C3A8B /* Headers */,
				BFA76106962608968A7A95B8 /* Sources */,
				C53A1B950C909E071576A8AF /* Frameworks */,
			);
			buildRules = (
			);
			dependencies = (
			);
			name = ReactiveMoya;
			productName = ReactiveMoya;
			productReference = 09CA7BEEE58AD7ABFCD1D813 /* ReactiveMoya.framework */;
			productType = "com.apple.product-type.framework";
		};
/* End PBXNativeTarget section */

/* Begin PBXProject section */
		F92F88F912B532F1644F34B1 /* Project object */ = {
			isa = PBXProject;
			attributes = {
				LastSwiftUpdateCheck = 0730;
				LastUpgradeCheck = 0700;
			};
			buildConfigurationList = 2D3DC3C4714729F1846BFDE1 /* Build configuration list for PBXProject "Moya" */;
			compatibilityVersion = "Xcode 3.2";
			developmentRegion = English;
			hasScannedForEncodings = 0;
			knownRegions = (
				en,
			);
			mainGroup = 08E1837AB424A8CBD12501C3;
			productRefGroup = C4CF8D22994AAAEF8E4ADA58 /* Products */;
			projectDirPath = "";
			projectRoot = "";
			targets = (
				90FFFFCDC33FD043A2D2E0DB /* Moya */,
				B99C51ACBEC397DF2D5BB447 /* ReactiveMoya */,
				2A4492E831F4FF77A32FE39F /* RxMoya */,
				9CE848B758F76F2AC4C23DA0 /* RxMoyaTests */,
				4EA37DF537AF1F956F667431 /* MoyaTests */,
			);
		};
/* End PBXProject section */

/* Begin PBXSourcesBuildPhase section */
		12891D4AD69675122FF68BE8 /* Sources */ = {
			isa = PBXSourcesBuildPhase;
			buildActionMask = 2147483647;
			files = (
			);
			runOnlyForDeploymentPostprocessing = 0;
		};
		339EB5B3A0EF7117EBC8CC9D /* Sources */ = {
			isa = PBXSourcesBuildPhase;
			buildActionMask = 2147483647;
			files = (
			);
			runOnlyForDeploymentPostprocessing = 0;
		};
		4663B09DC68C267D3469A4CC /* Sources */ = {
			isa = PBXSourcesBuildPhase;
			buildActionMask = 2147483647;
			files = (
			);
			runOnlyForDeploymentPostprocessing = 0;
		};
		BF7821857F59E5A32195343B /* Sources */ = {
			isa = PBXSourcesBuildPhase;
			buildActionMask = 2147483647;
			files = (
			);
			runOnlyForDeploymentPostprocessing = 0;
		};
		BFA76106962608968A7A95B8 /* Sources */ = {
			isa = PBXSourcesBuildPhase;
			buildActionMask = 2147483647;
			files = (
			);
			runOnlyForDeploymentPostprocessing = 0;
		};
/* End PBXSourcesBuildPhase section */

/* Begin PBXTargetDependency section */
		C0F5552EFFA31DC7614F0FF3 /* PBXTargetDependency */ = {
			isa = PBXTargetDependency;
			name = RxMoya;
			target = 2A4492E831F4FF77A32FE39F /* RxMoya */;
			targetProxy = 1EADA0F2E432D0C41C6C70C9 /* PBXContainerItemProxy */;
		};
/* End PBXTargetDependency section */

/* Begin XCBuildConfiguration section */
		0FE6067D996D1641D05B567D /* Release */ = {
			isa = XCBuildConfiguration;
			buildSettings = {
				COMBINE_HIDPI_IMAGES = YES;
				CURRENT_PROJECT_VERSION = 1;
				DEBUG_INFORMATION_FORMAT = "dwarf-with-dsym";
				DEFINES_MODULE = YES;
				DYLIB_COMPATIBILITY_VERSION = 1;
				DYLIB_CURRENT_VERSION = 1;
				DYLIB_INSTALL_NAME_BASE = "@rpath";
				ENABLE_STRICT_OBJC_MSGSEND = YES;
				FRAMEWORK_VERSION = A;
				GCC_NO_COMMON_BLOCKS = YES;
				INFOPLIST_FILE = "Supporting Files/Info.plist";
				INSTALL_PATH = "$(LOCAL_LIBRARY_DIR)/Frameworks";
				LD_RUNPATH_SEARCH_PATHS = "$(inherited) @executable_path/../Frameworks @loader_path/Frameworks";
				MTL_ENABLE_DEBUG_INFO = NO;
				PRODUCT_BUNDLE_IDENTIFIER = com.cocoapods.Moya;
				PRODUCT_NAME = "$(TARGET_NAME)";
				SDKROOT = macosx;
				SKIP_INSTALL = YES;
				VERSIONING_SYSTEM = "apple-generic";
				VERSION_INFO_PREFIX = "";
			};
			name = Release;
		};
		11F60EC0DFE05630EBB859F0 /* Debug */ = {
			isa = XCBuildConfiguration;
			buildSettings = {
				DEBUG_INFORMATION_FORMAT = dwarf;
				ENABLE_STRICT_OBJC_MSGSEND = YES;
				GCC_NO_COMMON_BLOCKS = YES;
				INFOPLIST_FILE = "Supporting Files/Info.plist";
				LD_RUNPATH_SEARCH_PATHS = "$(inherited) @executable_path/Frameworks @loader_path/Frameworks";
				"LD_RUNPATH_SEARCH_PATHS[sdk=macosx*]" = "$(inherited) @executable_path/../Frameworks @loader_path/../Frameworks";
				MTL_ENABLE_DEBUG_INFO = YES;
				PRODUCT_BUNDLE_IDENTIFIER = com.cocoapods.RxMoyaTests;
				PRODUCT_NAME = "$(TARGET_NAME)";
				SDKROOT = macosx;
				SUPPORTED_PLATFORMS = "macosx iphoneos iphonesimulator appletvos appletvsimulator watchos watchsimulator";
				SWIFT_OPTIMIZATION_LEVEL = "-Onone";
			};
			name = Debug;
		};
		2C0F3941EA7FC94C25CFD84B /* Debug */ = {
			isa = XCBuildConfiguration;
			buildSettings = {
				COMBINE_HIDPI_IMAGES = YES;
				CURRENT_PROJECT_VERSION = 1;
				DEBUG_INFORMATION_FORMAT = dwarf;
				DEFINES_MODULE = YES;
				DYLIB_COMPATIBILITY_VERSION = 1;
				DYLIB_CURRENT_VERSION = 1;
				DYLIB_INSTALL_NAME_BASE = "@rpath";
				ENABLE_STRICT_OBJC_MSGSEND = YES;
				FRAMEWORK_VERSION = A;
				GCC_NO_COMMON_BLOCKS = YES;
				INFOPLIST_FILE = "Supporting Files/Info.plist";
				INSTALL_PATH = "$(LOCAL_LIBRARY_DIR)/Frameworks";
				LD_RUNPATH_SEARCH_PATHS = "$(inherited) @executable_path/../Frameworks @loader_path/Frameworks";
				MTL_ENABLE_DEBUG_INFO = YES;
				PRODUCT_BUNDLE_IDENTIFIER = com.cocoapods.RxMoya;
				PRODUCT_NAME = "$(TARGET_NAME)";
				SDKROOT = macosx;
				SKIP_INSTALL = YES;
				SWIFT_OPTIMIZATION_LEVEL = "-Onone";
				VERSIONING_SYSTEM = "apple-generic";
				VERSION_INFO_PREFIX = "";
			};
			name = Debug;
		};
		2C47A52C0709A29EECACEE5E /* Release */ = {
			isa = XCBuildConfiguration;
			buildSettings = {
				DEBUG_INFORMATION_FORMAT = "dwarf-with-dsym";
				ENABLE_STRICT_OBJC_MSGSEND = YES;
				GCC_NO_COMMON_BLOCKS = YES;
				INFOPLIST_FILE = "Supporting Files/Info.plist";
				LD_RUNPATH_SEARCH_PATHS = "$(inherited) @executable_path/Frameworks @loader_path/Frameworks";
				"LD_RUNPATH_SEARCH_PATHS[sdk=macosx*]" = "$(inherited) @executable_path/../Frameworks @loader_path/../Frameworks";
				MTL_ENABLE_DEBUG_INFO = NO;
				PRODUCT_BUNDLE_IDENTIFIER = com.cocoapods.MoyaTests;
				PRODUCT_NAME = "$(TARGET_NAME)";
				SDKROOT = macosx;
				SUPPORTED_PLATFORMS = "macosx iphoneos iphonesimulator appletvos appletvsimulator watchos watchsimulator";
			};
			name = Release;
		};
		3B142CC08CA90A609755082C /* Debug */ = {
			isa = XCBuildConfiguration;
			buildSettings = {
				COMBINE_HIDPI_IMAGES = YES;
				CURRENT_PROJECT_VERSION = 1;
				DEBUG_INFORMATION_FORMAT = dwarf;
				DEFINES_MODULE = YES;
				DYLIB_COMPATIBILITY_VERSION = 1;
				DYLIB_CURRENT_VERSION = 1;
				DYLIB_INSTALL_NAME_BASE = "@rpath";
				ENABLE_STRICT_OBJC_MSGSEND = YES;
				FRAMEWORK_VERSION = A;
				GCC_NO_COMMON_BLOCKS = YES;
				INFOPLIST_FILE = "Supporting Files/Info.plist";
				INSTALL_PATH = "$(LOCAL_LIBRARY_DIR)/Frameworks";
				LD_RUNPATH_SEARCH_PATHS = "$(inherited) @executable_path/../Frameworks @loader_path/Frameworks";
				MTL_ENABLE_DEBUG_INFO = YES;
				PRODUCT_BUNDLE_IDENTIFIER = com.cocoapods.Moya;
				PRODUCT_NAME = "$(TARGET_NAME)";
				SDKROOT = macosx;
				SKIP_INSTALL = YES;
				SWIFT_OPTIMIZATION_LEVEL = "-Onone";
				VERSIONING_SYSTEM = "apple-generic";
				VERSION_INFO_PREFIX = "";
			};
			name = Debug;
		};
		689F1414BD9893C1EE966A94 /* Debug */ = {
			isa = XCBuildConfiguration;
			buildSettings = {
				ALWAYS_SEARCH_USER_PATHS = NO;
				CLANG_ANALYZER_NONNULL = YES;
				CLANG_CXX_LANGUAGE_STANDARD = "gnu++0x";
				CLANG_CXX_LIBRARY = "libc++";
				CLANG_ENABLE_MODULES = YES;
				CLANG_ENABLE_OBJC_ARC = YES;
				CLANG_WARN_BOOL_CONVERSION = YES;
				CLANG_WARN_CONSTANT_CONVERSION = YES;
				CLANG_WARN_DIRECT_OBJC_ISA_USAGE = YES;
				CLANG_WARN_EMPTY_BODY = YES;
				CLANG_WARN_ENUM_CONVERSION = YES;
				CLANG_WARN_INFINITE_RECURSION = YES;
				CLANG_WARN_INT_CONVERSION = YES;
				CLANG_WARN_OBJC_ROOT_CLASS = YES;
				CLANG_WARN_SUSPICIOUS_MOVE = YES;
				CLANG_WARN_UNREACHABLE_CODE = YES;
				CLANG_WARN__DUPLICATE_METHOD_MATCH = YES;
				CODE_SIGN_IDENTITY = "";
				COMBINE_HIDPI_IMAGES = YES;
				COPY_PHASE_STRIP = NO;
				ENABLE_STRICT_OBJC_MSGSEND = YES;
				ENABLE_TESTABILITY = YES;
				"FRAMEWORK_SEARCH_PATHS[sdk=appletv*]" = "$(SRCROOT)/Carthage/Build/tvOS/ $(inherited)";
				"FRAMEWORK_SEARCH_PATHS[sdk=iphone*]" = "$(SRCROOT)/Carthage/Build/iOS/ $(inherited)";
				"FRAMEWORK_SEARCH_PATHS[sdk=macosx*]" = "$(SRCROOT)/Carthage/Build/Mac/ $(inherited)";
				"FRAMEWORK_SEARCH_PATHS[sdk=watch*]" = "$(SRCROOT)/Carthage/Build/watchOS/ $(inherited)";
				GCC_C_LANGUAGE_STANDARD = gnu99;
				GCC_DYNAMIC_NO_PIC = NO;
				GCC_NO_COMMON_BLOCKS = YES;
				GCC_OPTIMIZATION_LEVEL = 0;
				GCC_PREPROCESSOR_DEFINITIONS = (
					"DEBUG=1",
					"$(inherited)",
				);
				GCC_SYMBOLS_PRIVATE_EXTERN = NO;
				GCC_WARN_64_TO_32_BIT_CONVERSION = YES;
				GCC_WARN_ABOUT_RETURN_TYPE = YES;
				GCC_WARN_UNDECLARED_SELECTOR = YES;
				GCC_WARN_UNINITIALIZED_AUTOS = YES;
				GCC_WARN_UNUSED_FUNCTION = YES;
				GCC_WARN_UNUSED_VARIABLE = YES;
				IPHONEOS_DEPLOYMENT_TARGET = 8.0;
				MACOSX_DEPLOYMENT_TARGET = 10.11;
				ONLY_ACTIVE_ARCH = YES;
				SDKROOT = macosx;
				SUPPORTED_PLATFORMS = "macosx iphoneos iphonesimulator appletvos appletvsimulator watchos watchsimulator";
				SWIFT_OPTIMIZATION_LEVEL = "-Owholemodule";
				SWIFT_VERSION = 3.0;
				TARGETED_DEVICE_FAMILY = "1,2,3,4";
				TVOS_DEPLOYMENT_TARGET = 9.0;
				WATCHOS_DEPLOYMENT_TARGET = 2.0;
			};
			name = Debug;
		};
		7051F45C21337D3E0C643D73 /* Debug */ = {
			isa = XCBuildConfiguration;
			buildSettings = {
				DEBUG_INFORMATION_FORMAT = dwarf;
				ENABLE_STRICT_OBJC_MSGSEND = YES;
				GCC_NO_COMMON_BLOCKS = YES;
				INFOPLIST_FILE = "Supporting Files/Info.plist";
				LD_RUNPATH_SEARCH_PATHS = "$(inherited) @executable_path/Frameworks @loader_path/Frameworks";
				"LD_RUNPATH_SEARCH_PATHS[sdk=macosx*]" = "$(inherited) @executable_path/../Frameworks @loader_path/../Frameworks";
				MTL_ENABLE_DEBUG_INFO = YES;
				PRODUCT_BUNDLE_IDENTIFIER = com.cocoapods.MoyaTests;
				PRODUCT_NAME = "$(TARGET_NAME)";
				SDKROOT = macosx;
				SUPPORTED_PLATFORMS = "macosx iphoneos iphonesimulator appletvos appletvsimulator watchos watchsimulator";
				SWIFT_OPTIMIZATION_LEVEL = "-Onone";
			};
			name = Debug;
		};
		7CB2FB82FAB7C4EEE7802497 /* Debug */ = {
			isa = XCBuildConfiguration;
			buildSettings = {
				COMBINE_HIDPI_IMAGES = YES;
				CURRENT_PROJECT_VERSION = 1;
				DEBUG_INFORMATION_FORMAT = dwarf;
				DEFINES_MODULE = YES;
				DYLIB_COMPATIBILITY_VERSION = 1;
				DYLIB_CURRENT_VERSION = 1;
				DYLIB_INSTALL_NAME_BASE = "@rpath";
				ENABLE_STRICT_OBJC_MSGSEND = YES;
				FRAMEWORK_VERSION = A;
				GCC_NO_COMMON_BLOCKS = YES;
				INFOPLIST_FILE = "Supporting Files/Info.plist";
				INSTALL_PATH = "$(LOCAL_LIBRARY_DIR)/Frameworks";
				LD_RUNPATH_SEARCH_PATHS = "$(inherited) @executable_path/../Frameworks @loader_path/Frameworks";
				MTL_ENABLE_DEBUG_INFO = YES;
				PRODUCT_BUNDLE_IDENTIFIER = com.cocoapods.ReactiveMoya;
				PRODUCT_NAME = "$(TARGET_NAME)";
				SDKROOT = macosx;
				SKIP_INSTALL = YES;
				SWIFT_OPTIMIZATION_LEVEL = "-Onone";
				VERSIONING_SYSTEM = "apple-generic";
				VERSION_INFO_PREFIX = "";
			};
			name = Debug;
		};
		97C6C70E057E5B510692CBCD /* Release */ = {
			isa = XCBuildConfiguration;
			buildSettings = {
				ALWAYS_SEARCH_USER_PATHS = NO;
				CLANG_ANALYZER_NONNULL = YES;
				CLANG_CXX_LANGUAGE_STANDARD = "gnu++0x";
				CLANG_CXX_LIBRARY = "libc++";
				CLANG_ENABLE_MODULES = YES;
				CLANG_ENABLE_OBJC_ARC = YES;
				CLANG_WARN_BOOL_CONVERSION = YES;
				CLANG_WARN_CONSTANT_CONVERSION = YES;
				CLANG_WARN_DIRECT_OBJC_ISA_USAGE = YES;
				CLANG_WARN_EMPTY_BODY = YES;
				CLANG_WARN_ENUM_CONVERSION = YES;
				CLANG_WARN_INFINITE_RECURSION = YES;
				CLANG_WARN_INT_CONVERSION = YES;
				CLANG_WARN_OBJC_ROOT_CLASS = YES;
				CLANG_WARN_SUSPICIOUS_MOVE = YES;
				CLANG_WARN_UNREACHABLE_CODE = YES;
				CLANG_WARN__DUPLICATE_METHOD_MATCH = YES;
				CODE_SIGN_IDENTITY = "";
				COMBINE_HIDPI_IMAGES = YES;
				COPY_PHASE_STRIP = YES;
				ENABLE_NS_ASSERTIONS = NO;
				ENABLE_STRICT_OBJC_MSGSEND = YES;
				"FRAMEWORK_SEARCH_PATHS[sdk=appletv*]" = "$(SRCROOT)/Carthage/Build/tvOS/ $(inherited)";
				"FRAMEWORK_SEARCH_PATHS[sdk=iphone*]" = "$(SRCROOT)/Carthage/Build/iOS/ $(inherited)";
				"FRAMEWORK_SEARCH_PATHS[sdk=macosx*]" = "$(SRCROOT)/Carthage/Build/Mac/ $(inherited)";
				"FRAMEWORK_SEARCH_PATHS[sdk=watch*]" = "$(SRCROOT)/Carthage/Build/watchOS/ $(inherited)";
				GCC_C_LANGUAGE_STANDARD = gnu99;
				GCC_NO_COMMON_BLOCKS = YES;
				GCC_WARN_64_TO_32_BIT_CONVERSION = YES;
				GCC_WARN_ABOUT_RETURN_TYPE = YES;
				GCC_WARN_UNDECLARED_SELECTOR = YES;
				GCC_WARN_UNINITIALIZED_AUTOS = YES;
				GCC_WARN_UNUSED_FUNCTION = YES;
				GCC_WARN_UNUSED_VARIABLE = YES;
				IPHONEOS_DEPLOYMENT_TARGET = 8.0;
				MACOSX_DEPLOYMENT_TARGET = 10.11;
				SDKROOT = macosx;
				SUPPORTED_PLATFORMS = "macosx iphoneos iphonesimulator appletvos appletvsimulator watchos watchsimulator";
				SWIFT_OPTIMIZATION_LEVEL = "-Owholemodule";
				SWIFT_VERSION = 3.0;
				TARGETED_DEVICE_FAMILY = "1,2,3,4";
				TVOS_DEPLOYMENT_TARGET = 9.0;
				VALIDATE_PRODUCT = YES;
				WATCHOS_DEPLOYMENT_TARGET = 2.0;
			};
			name = Release;
		};
		99C81889A93D553A3229D15A /* Release */ = {
			isa = XCBuildConfiguration;
			buildSettings = {
				COMBINE_HIDPI_IMAGES = YES;
				CURRENT_PROJECT_VERSION = 1;
				DEBUG_INFORMATION_FORMAT = "dwarf-with-dsym";
				DEFINES_MODULE = YES;
				DYLIB_COMPATIBILITY_VERSION = 1;
				DYLIB_CURRENT_VERSION = 1;
				DYLIB_INSTALL_NAME_BASE = "@rpath";
				ENABLE_STRICT_OBJC_MSGSEND = YES;
				FRAMEWORK_VERSION = A;
				GCC_NO_COMMON_BLOCKS = YES;
				INFOPLIST_FILE = "Supporting Files/Info.plist";
				INSTALL_PATH = "$(LOCAL_LIBRARY_DIR)/Frameworks";
				LD_RUNPATH_SEARCH_PATHS = "$(inherited) @executable_path/../Frameworks @loader_path/Frameworks";
				MTL_ENABLE_DEBUG_INFO = NO;
				PRODUCT_BUNDLE_IDENTIFIER = com.cocoapods.ReactiveMoya;
				PRODUCT_NAME = "$(TARGET_NAME)";
				SDKROOT = macosx;
				SKIP_INSTALL = YES;
				VERSIONING_SYSTEM = "apple-generic";
				VERSION_INFO_PREFIX = "";
			};
			name = Release;
		};
		DABB340E7635E8A6D1AEBDE8 /* Release */ = {
			isa = XCBuildConfiguration;
			buildSettings = {
				DEBUG_INFORMATION_FORMAT = "dwarf-with-dsym";
				ENABLE_STRICT_OBJC_MSGSEND = YES;
				GCC_NO_COMMON_BLOCKS = YES;
				INFOPLIST_FILE = "Supporting Files/Info.plist";
				LD_RUNPATH_SEARCH_PATHS = "$(inherited) @executable_path/Frameworks @loader_path/Frameworks";
				"LD_RUNPATH_SEARCH_PATHS[sdk=macosx*]" = "$(inherited) @executable_path/../Frameworks @loader_path/../Frameworks";
				MTL_ENABLE_DEBUG_INFO = NO;
				PRODUCT_BUNDLE_IDENTIFIER = com.cocoapods.RxMoyaTests;
				PRODUCT_NAME = "$(TARGET_NAME)";
				SDKROOT = macosx;
				SUPPORTED_PLATFORMS = "macosx iphoneos iphonesimulator appletvos appletvsimulator watchos watchsimulator";
			};
			name = Release;
		};
		EBD28EFF0BA97538CC89B789 /* Release */ = {
			isa = XCBuildConfiguration;
			buildSettings = {
				COMBINE_HIDPI_IMAGES = YES;
				CURRENT_PROJECT_VERSION = 1;
				DEBUG_INFORMATION_FORMAT = "dwarf-with-dsym";
				DEFINES_MODULE = YES;
				DYLIB_COMPATIBILITY_VERSION = 1;
				DYLIB_CURRENT_VERSION = 1;
				DYLIB_INSTALL_NAME_BASE = "@rpath";
				ENABLE_STRICT_OBJC_MSGSEND = YES;
				FRAMEWORK_VERSION = A;
				GCC_NO_COMMON_BLOCKS = YES;
				INFOPLIST_FILE = "Supporting Files/Info.plist";
				INSTALL_PATH = "$(LOCAL_LIBRARY_DIR)/Frameworks";
				LD_RUNPATH_SEARCH_PATHS = "$(inherited) @executable_path/../Frameworks @loader_path/Frameworks";
				MTL_ENABLE_DEBUG_INFO = NO;
				PRODUCT_BUNDLE_IDENTIFIER = com.cocoapods.RxMoya;
				PRODUCT_NAME = "$(TARGET_NAME)";
				SDKROOT = macosx;
				SKIP_INSTALL = YES;
				VERSIONING_SYSTEM = "apple-generic";
				VERSION_INFO_PREFIX = "";
			};
			name = Release;
		};
/* End XCBuildConfiguration section */

/* Begin XCConfigurationList section */
		0897B48BFFFD6BF592CC454F /* Build configuration list for PBXNativeTarget "RxMoyaTests" */ = {
			isa = XCConfigurationList;
			buildConfigurations = (
				DABB340E7635E8A6D1AEBDE8 /* Release */,
				11F60EC0DFE05630EBB859F0 /* Debug */,
			);
			defaultConfigurationIsVisible = 0;
			defaultConfigurationName = Release;
		};
		08A06A5CCE9C56E46445D314 /* Build configuration list for PBXNativeTarget "RxMoya" */ = {
			isa = XCConfigurationList;
			buildConfigurations = (
				EBD28EFF0BA97538CC89B789 /* Release */,
				2C0F3941EA7FC94C25CFD84B /* Debug */,
			);
			defaultConfigurationIsVisible = 0;
			defaultConfigurationName = Release;
		};
		2D3DC3C4714729F1846BFDE1 /* Build configuration list for PBXProject "Moya" */ = {
			isa = XCConfigurationList;
			buildConfigurations = (
				689F1414BD9893C1EE966A94 /* Debug */,
				97C6C70E057E5B510692CBCD /* Release */,
			);
			defaultConfigurationIsVisible = 0;
			defaultConfigurationName = Release;
		};
		439906150597D93DA0E229A9 /* Build configuration list for PBXNativeTarget "Moya" */ = {
			isa = XCConfigurationList;
			buildConfigurations = (
				0FE6067D996D1641D05B567D /* Release */,
				3B142CC08CA90A609755082C /* Debug */,
			);
			defaultConfigurationIsVisible = 0;
			defaultConfigurationName = Release;
		};
		45FFDA6929F434912F19E067 /* Build configuration list for PBXNativeTarget "ReactiveMoya" */ = {
			isa = XCConfigurationList;
			buildConfigurations = (
				99C81889A93D553A3229D15A /* Release */,
				7CB2FB82FAB7C4EEE7802497 /* Debug */,
			);
			defaultConfigurationIsVisible = 0;
			defaultConfigurationName = Release;
		};
		E9E536BD332E6DCB78C13061 /* Build configuration list for PBXNativeTarget "MoyaTests" */ = {
			isa = XCConfigurationList;
			buildConfigurations = (
				2C47A52C0709A29EECACEE5E /* Release */,
				7051F45C21337D3E0C643D73 /* Debug */,
			);
			defaultConfigurationIsVisible = 0;
			defaultConfigurationName = Release;
		};
/* End XCConfigurationList section */
	};
	rootObject = F92F88F912B532F1644F34B1 /* Project object */;
}
