// !$*UTF8*$!
{
	archiveVersion = 1;
	classes = {
	};
	objectVersion = 46;
	objects = {

/* Begin PBXBuildFile section */
		0C9ED154B664C3A4067B2384 /* RxMoyaTests.h in Headers */ = {isa = PBXBuildFile; fileRef = 562BFC72C3A43BE2E8033DEA /* RxMoyaTests.h */; settings = {ATTRIBUTES = (Public, ); }; };
		356D665ECB80B1D3DA090681 /* Moya.framework in Frameworks */ = {isa = PBXBuildFile; fileRef = 4ACC0F9A6C0ECAB40FEF0487 /* Moya.framework */; };
		3801974F65FAD5EFAD0F511F /* Moya.framework in Frameworks */ = {isa = PBXBuildFile; fileRef = 4ACC0F9A6C0ECAB40FEF0487 /* Moya.framework */; };
		3BF07F74C117A567A7983B3B /* MoyaTests.h in Headers */ = {isa = PBXBuildFile; fileRef = A96228513838EA6AF1D4E2A7 /* MoyaTests.h */; settings = {ATTRIBUTES = (Public, ); }; };
		4B2566BD6283D03B02D4C4C2 /* Moya.framework in Frameworks */ = {isa = PBXBuildFile; fileRef = 4ACC0F9A6C0ECAB40FEF0487 /* Moya.framework */; };
		65355C7FBC8228E536BE6230 /* RxMoya.framework in Frameworks */ = {isa = PBXBuildFile; fileRef = CC3A3BC10DD83C37A1B34ECF /* RxMoya.framework */; };
		8B77AAD537BB9F584C7E66EC /* Moya.h in Headers */ = {isa = PBXBuildFile; fileRef = 001AED0DC85955B995D6460F /* Moya.h */; settings = {ATTRIBUTES = (Public, ); }; };
		AC2D70D6CEA56646D03822CA /* ReactiveMoya.h in Headers */ = {isa = PBXBuildFile; fileRef = ABDE17F27D81599E860B057E /* ReactiveMoya.h */; settings = {ATTRIBUTES = (Public, ); }; };
		B762990F0115D3AC7A00489B /* RxMoya.h in Headers */ = {isa = PBXBuildFile; fileRef = 869C5E2CDCEE9E5EB168E618 /* RxMoya.h */; settings = {ATTRIBUTES = (Public, ); }; };
/* End PBXBuildFile section */

/* Begin PBXContainerItemProxy section */
		673C96837EF543D76F9ED549 /* PBXContainerItemProxy */ = {
			isa = PBXContainerItemProxy;
			containerPortal = 309FB975200D7E1A1000F675 /* Project object */;
			proxyType = 1;
			remoteGlobalIDString = DF84C336F33A72EDA08CBD84;
			remoteInfo = RxMoya;
		};
/* End PBXContainerItemProxy section */

/* Begin PBXFileReference section */
		001AED0DC85955B995D6460F /* Moya.h */ = {isa = PBXFileReference; includeInIndex = 1; lastKnownFileType = sourcecode.c.h; name = Moya.h; path = "Supporting Files/Moya.h"; sourceTree = "<group>"; };
		1CE47B6A77B6FAFF308EC35B /* MoyaTests.xctest */ = {isa = PBXFileReference; explicitFileType = wrapper.cfbundle; includeInIndex = 0; path = MoyaTests.xctest; sourceTree = BUILT_PRODUCTS_DIR; };
		2AF0392CEBCBD05BD8C50399 /* Info.plist */ = {isa = PBXFileReference; includeInIndex = 1; lastKnownFileType = text.plist.xml; name = Info.plist; path = "Supporting Files/Info.plist"; sourceTree = "<group>"; };
		4ACC0F9A6C0ECAB40FEF0487 /* Moya.framework */ = {isa = PBXFileReference; explicitFileType = wrapper.framework; includeInIndex = 0; path = Moya.framework; sourceTree = BUILT_PRODUCTS_DIR; };
		562BFC72C3A43BE2E8033DEA /* RxMoyaTests.h */ = {isa = PBXFileReference; includeInIndex = 1; lastKnownFileType = sourcecode.c.h; name = RxMoyaTests.h; path = "Supporting Files/RxMoyaTests.h"; sourceTree = "<group>"; };
		6251F2D0D43AF8ACB9F1BA41 /* ReactiveMoya.framework */ = {isa = PBXFileReference; explicitFileType = wrapper.framework; includeInIndex = 0; path = ReactiveMoya.framework; sourceTree = BUILT_PRODUCTS_DIR; };
		869C5E2CDCEE9E5EB168E618 /* RxMoya.h */ = {isa = PBXFileReference; includeInIndex = 1; lastKnownFileType = sourcecode.c.h; name = RxMoya.h; path = "Supporting Files/RxMoya.h"; sourceTree = "<group>"; };
		A96228513838EA6AF1D4E2A7 /* MoyaTests.h */ = {isa = PBXFileReference; includeInIndex = 1; lastKnownFileType = sourcecode.c.h; name = MoyaTests.h; path = "Supporting Files/MoyaTests.h"; sourceTree = "<group>"; };
		ABDE17F27D81599E860B057E /* ReactiveMoya.h */ = {isa = PBXFileReference; includeInIndex = 1; lastKnownFileType = sourcecode.c.h; name = ReactiveMoya.h; path = "Supporting Files/ReactiveMoya.h"; sourceTree = "<group>"; };
		C08B4F96F6DAFBFA7D8BA2D9 /* RxMoyaTests.xctest */ = {isa = PBXFileReference; explicitFileType = wrapper.cfbundle; includeInIndex = 0; path = RxMoyaTests.xctest; sourceTree = BUILT_PRODUCTS_DIR; };
		CC3A3BC10DD83C37A1B34ECF /* RxMoya.framework */ = {isa = PBXFileReference; explicitFileType = wrapper.framework; includeInIndex = 0; path = RxMoya.framework; sourceTree = BUILT_PRODUCTS_DIR; };
/* End PBXFileReference section */

/* Begin PBXFrameworksBuildPhase section */
		152AE4764D90495548E72D1E /* Frameworks */ = {
			isa = PBXFrameworksBuildPhase;
			buildActionMask = 2147483647;
			files = (
				3801974F65FAD5EFAD0F511F /* Moya.framework in Frameworks */,
			);
			runOnlyForDeploymentPostprocessing = 0;
		};
		25275276BE2522158F27514A /* Frameworks */ = {
			isa = PBXFrameworksBuildPhase;
			buildActionMask = 2147483647;
			files = (
				65355C7FBC8228E536BE6230 /* RxMoya.framework in Frameworks */,
			);
			runOnlyForDeploymentPostprocessing = 0;
		};
		26DC022385738A507A76EA49 /* Frameworks */ = {
			isa = PBXFrameworksBuildPhase;
			buildActionMask = 2147483647;
			files = (
			);
			runOnlyForDeploymentPostprocessing = 0;
		};
		A576F6591E9AE16749F0FB1B /* Frameworks */ = {
			isa = PBXFrameworksBuildPhase;
			buildActionMask = 2147483647;
			files = (
				4B2566BD6283D03B02D4C4C2 /* Moya.framework in Frameworks */,
			);
			runOnlyForDeploymentPostprocessing = 0;
		};
		AD2E2E2E43EE57A8C452A23F /* Frameworks */ = {
			isa = PBXFrameworksBuildPhase;
			buildActionMask = 2147483647;
			files = (
				356D665ECB80B1D3DA090681 /* Moya.framework in Frameworks */,
			);
			runOnlyForDeploymentPostprocessing = 0;
		};
/* End PBXFrameworksBuildPhase section */

/* Begin PBXGroup section */
		1BD1A454667A1C07FBE254D4 = {
			isa = PBXGroup;
			children = (
				8F2E3A5C2A1B4BF1273E801F /* Products */,
				B6F0CC604C3F8CFE509C2197 /* Frameworks */,
				5AFD22125EF4F428AF14DB2B /* Supporting Files */,
			);
			sourceTree = "<group>";
		};
		5AFD22125EF4F428AF14DB2B /* Supporting Files */ = {
			isa = PBXGroup;
			children = (
				2AF0392CEBCBD05BD8C50399 /* Info.plist */,
				001AED0DC85955B995D6460F /* Moya.h */,
				ABDE17F27D81599E860B057E /* ReactiveMoya.h */,
				869C5E2CDCEE9E5EB168E618 /* RxMoya.h */,
				562BFC72C3A43BE2E8033DEA /* RxMoyaTests.h */,
				A96228513838EA6AF1D4E2A7 /* MoyaTests.h */,
			);
			name = "Supporting Files";
			sourceTree = "<group>";
		};
		8F2E3A5C2A1B4BF1273E801F /* Products */ = {
			isa = PBXGroup;
			children = (
				4ACC0F9A6C0ECAB40FEF0487 /* Moya.framework */,
				6251F2D0D43AF8ACB9F1BA41 /* ReactiveMoya.framework */,
				CC3A3BC10DD83C37A1B34ECF /* RxMoya.framework */,
				C08B4F96F6DAFBFA7D8BA2D9 /* RxMoyaTests.xctest */,
				1CE47B6A77B6FAFF308EC35B /* MoyaTests.xctest */,
			);
			name = Products;
			sourceTree = "<group>";
		};
		B6F0CC604C3F8CFE509C2197 /* Frameworks */ = {
			isa = PBXGroup;
			children = (
			);
			name = Frameworks;
			sourceTree = "<group>";
		};
/* End PBXGroup section */

/* Begin PBXHeadersBuildPhase section */
		078FDB54EEB1414EC99852CF /* Headers */ = {
			isa = PBXHeadersBuildPhase;
			buildActionMask = 2147483647;
			files = (
				3BF07F74C117A567A7983B3B /* MoyaTests.h in Headers */,
			);
			runOnlyForDeploymentPostprocessing = 0;
		};
		2CA8CB642A433F52282AA90C /* Headers */ = {
			isa = PBXHeadersBuildPhase;
			buildActionMask = 2147483647;
			files = (
				B762990F0115D3AC7A00489B /* RxMoya.h in Headers */,
			);
			runOnlyForDeploymentPostprocessing = 0;
		};
		452C9950180A0BB4C587E71F /* Headers */ = {
			isa = PBXHeadersBuildPhase;
			buildActionMask = 2147483647;
			files = (
				AC2D70D6CEA56646D03822CA /* ReactiveMoya.h in Headers */,
			);
			runOnlyForDeploymentPostprocessing = 0;
		};
		82F0682C3A7BFDD31E79D43A /* Headers */ = {
			isa = PBXHeadersBuildPhase;
			buildActionMask = 2147483647;
			files = (
				0C9ED154B664C3A4067B2384 /* RxMoyaTests.h in Headers */,
			);
			runOnlyForDeploymentPostprocessing = 0;
		};
		E39A17008097242D84708963 /* Headers */ = {
			isa = PBXHeadersBuildPhase;
			buildActionMask = 2147483647;
			files = (
				8B77AAD537BB9F584C7E66EC /* Moya.h in Headers */,
			);
			runOnlyForDeploymentPostprocessing = 0;
		};
/* End PBXHeadersBuildPhase section */

/* Begin PBXNativeTarget section */
		1C5B91F4CF0002ABDAD58BD0 /* MoyaTests */ = {
			isa = PBXNativeTarget;
			buildConfigurationList = D784D6C4D031A22A0BB0F9B4 /* Build configuration list for PBXNativeTarget "MoyaTests" */;
			buildPhases = (
				078FDB54EEB1414EC99852CF /* Headers */,
				E87AC910E4008B0532210A2C /* Sources */,
				152AE4764D90495548E72D1E /* Frameworks */,
			);
			buildRules = (
			);
			dependencies = (
			);
			name = MoyaTests;
			productName = MoyaTests;
			productReference = 1CE47B6A77B6FAFF308EC35B /* MoyaTests.xctest */;
			productType = "com.apple.product-type.bundle.unit-test";
		};
		2FF9E68C6EA51FEED36F497E /* ReactiveMoya */ = {
			isa = PBXNativeTarget;
			buildConfigurationList = B386DDB92C15B16F5B488CE0 /* Build configuration list for PBXNativeTarget "ReactiveMoya" */;
			buildPhases = (
				452C9950180A0BB4C587E71F /* Headers */,
				675BFA8943B700FDFDF845DB /* Sources */,
				AD2E2E2E43EE57A8C452A23F /* Frameworks */,
			);
			buildRules = (
			);
			dependencies = (
			);
			name = ReactiveMoya;
			productName = ReactiveMoya;
			productReference = 6251F2D0D43AF8ACB9F1BA41 /* ReactiveMoya.framework */;
			productType = "com.apple.product-type.framework";
		};
		A5763E3B85798609B115897F /* RxMoyaTests */ = {
			isa = PBXNativeTarget;
			buildConfigurationList = 47BC1BC97D54C18DE0B88BB9 /* Build configuration list for PBXNativeTarget "RxMoyaTests" */;
			buildPhases = (
				82F0682C3A7BFDD31E79D43A /* Headers */,
				9F348F0A30BFF718312A0B2F /* Sources */,
				25275276BE2522158F27514A /* Frameworks */,
			);
			buildRules = (
			);
			dependencies = (
				9B62EC7B73CBCB49B5EC3812 /* PBXTargetDependency */,
			);
			name = RxMoyaTests;
			productName = RxMoyaTests;
			productReference = C08B4F96F6DAFBFA7D8BA2D9 /* RxMoyaTests.xctest */;
			productType = "com.apple.product-type.bundle.unit-test";
		};
		B45E7BBFB1AA6928B881EC02 /* Moya */ = {
			isa = PBXNativeTarget;
			buildConfigurationList = FB382F82C63436F94AE405AD /* Build configuration list for PBXNativeTarget "Moya" */;
			buildPhases = (
				E39A17008097242D84708963 /* Headers */,
				74948C26116597F63F6C90A8 /* Sources */,
				26DC022385738A507A76EA49 /* Frameworks */,
			);
			buildRules = (
			);
			dependencies = (
			);
			name = Moya;
			productName = Moya;
			productReference = 4ACC0F9A6C0ECAB40FEF0487 /* Moya.framework */;
			productType = "com.apple.product-type.framework";
		};
		DF84C336F33A72EDA08CBD84 /* RxMoya */ = {
			isa = PBXNativeTarget;
			buildConfigurationList = E7CDCCA499724B6FEF5B424C /* Build configuration list for PBXNativeTarget "RxMoya" */;
			buildPhases = (
				2CA8CB642A433F52282AA90C /* Headers */,
				7043ECEBCF5BB2FF64C3CFAA /* Sources */,
				A576F6591E9AE16749F0FB1B /* Frameworks */,
			);
			buildRules = (
			);
			dependencies = (
			);
			name = RxMoya;
			productName = RxMoya;
			productReference = CC3A3BC10DD83C37A1B34ECF /* RxMoya.framework */;
			productType = "com.apple.product-type.framework";
		};
/* End PBXNativeTarget section */

/* Begin PBXProject section */
		309FB975200D7E1A1000F675 /* Project object */ = {
			isa = PBXProject;
			attributes = {
				LastSwiftUpdateCheck = 0730;
				LastUpgradeCheck = 0700;
			};
			buildConfigurationList = 1E7987F2F6A6A7DAE6AA240A /* Build configuration list for PBXProject "Moya" */;
			compatibilityVersion = "Xcode 3.2";
			developmentRegion = English;
			hasScannedForEncodings = 0;
			knownRegions = (
				en,
			);
			mainGroup = 1BD1A454667A1C07FBE254D4;
			productRefGroup = 8F2E3A5C2A1B4BF1273E801F /* Products */;
			projectDirPath = "";
			projectRoot = "";
			targets = (
				B45E7BBFB1AA6928B881EC02 /* Moya */,
				2FF9E68C6EA51FEED36F497E /* ReactiveMoya */,
				DF84C336F33A72EDA08CBD84 /* RxMoya */,
				A5763E3B85798609B115897F /* RxMoyaTests */,
				1C5B91F4CF0002ABDAD58BD0 /* MoyaTests */,
			);
		};
/* End PBXProject section */

/* Begin PBXSourcesBuildPhase section */
		675BFA8943B700FDFDF845DB /* Sources */ = {
			isa = PBXSourcesBuildPhase;
			buildActionMask = 2147483647;
			files = (
			);
			runOnlyForDeploymentPostprocessing = 0;
		};
		7043ECEBCF5BB2FF64C3CFAA /* Sources */ = {
			isa = PBXSourcesBuildPhase;
			buildActionMask = 2147483647;
			files = (
			);
			runOnlyForDeploymentPostprocessing = 0;
		};
		74948C26116597F63F6C90A8 /* Sources */ = {
			isa = PBXSourcesBuildPhase;
			buildActionMask = 2147483647;
			files = (
			);
			runOnlyForDeploymentPostprocessing = 0;
		};
		9F348F0A30BFF718312A0B2F /* Sources */ = {
			isa = PBXSourcesBuildPhase;
			buildActionMask = 2147483647;
			files = (
			);
			runOnlyForDeploymentPostprocessing = 0;
		};
		E87AC910E4008B0532210A2C /* Sources */ = {
			isa = PBXSourcesBuildPhase;
			buildActionMask = 2147483647;
			files = (
			);
			runOnlyForDeploymentPostprocessing = 0;
		};
/* End PBXSourcesBuildPhase section */

/* Begin PBXTargetDependency section */
		9B62EC7B73CBCB49B5EC3812 /* PBXTargetDependency */ = {
			isa = PBXTargetDependency;
			name = RxMoya;
			target = DF84C336F33A72EDA08CBD84 /* RxMoya */;
			targetProxy = 673C96837EF543D76F9ED549 /* PBXContainerItemProxy */;
		};
/* End PBXTargetDependency section */

/* Begin XCBuildConfiguration section */
		07A374C5A4F185A0420CD398 /* Release */ = {
			isa = XCBuildConfiguration;
			buildSettings = {
				COMBINE_HIDPI_IMAGES = YES;
				CURRENT_PROJECT_VERSION = 1;
				DEBUG_INFORMATION_FORMAT = "dwarf-with-dsym";
				DEFINES_MODULE = YES;
				DYLIB_COMPATIBILITY_VERSION = 1;
				DYLIB_CURRENT_VERSION = 1;
				DYLIB_INSTALL_NAME_BASE = "@rpath";
				ENABLE_STRICT_OBJC_MSGSEND = YES;
				FRAMEWORK_VERSION = A;
				GCC_NO_COMMON_BLOCKS = YES;
				INFOPLIST_FILE = "Supporting Files/Info.plist";
				INSTALL_PATH = "$(LOCAL_LIBRARY_DIR)/Frameworks";
				LD_RUNPATH_SEARCH_PATHS = "$(inherited) @executable_path/../Frameworks @loader_path/Frameworks";
				MTL_ENABLE_DEBUG_INFO = NO;
				PRODUCT_BUNDLE_IDENTIFIER = com.cocoapods.Moya;
				PRODUCT_NAME = "$(TARGET_NAME)";
				SDKROOT = macosx;
				SKIP_INSTALL = YES;
				VERSIONING_SYSTEM = "apple-generic";
				VERSION_INFO_PREFIX = "";
			};
			name = Release;
		};
		1C4EF88462545BD7BF5A9C5F /* Debug */ = {
			isa = XCBuildConfiguration;
			buildSettings = {
				COMBINE_HIDPI_IMAGES = YES;
				CURRENT_PROJECT_VERSION = 1;
				DEBUG_INFORMATION_FORMAT = dwarf;
				DEFINES_MODULE = YES;
				DYLIB_COMPATIBILITY_VERSION = 1;
				DYLIB_CURRENT_VERSION = 1;
				DYLIB_INSTALL_NAME_BASE = "@rpath";
				ENABLE_STRICT_OBJC_MSGSEND = YES;
				FRAMEWORK_VERSION = A;
				GCC_NO_COMMON_BLOCKS = YES;
				INFOPLIST_FILE = "Supporting Files/Info.plist";
				INSTALL_PATH = "$(LOCAL_LIBRARY_DIR)/Frameworks";
				LD_RUNPATH_SEARCH_PATHS = "$(inherited) @executable_path/../Frameworks @loader_path/Frameworks";
				MTL_ENABLE_DEBUG_INFO = YES;
				PRODUCT_BUNDLE_IDENTIFIER = com.cocoapods.RxMoya;
				PRODUCT_NAME = "$(TARGET_NAME)";
				SDKROOT = macosx;
				SKIP_INSTALL = YES;
				SWIFT_OPTIMIZATION_LEVEL = "-Onone";
				VERSIONING_SYSTEM = "apple-generic";
				VERSION_INFO_PREFIX = "";
			};
			name = Debug;
		};
		436EA76BF6A18164CB6C2EE9 /* Release */ = {
			isa = XCBuildConfiguration;
			buildSettings = {
				COMBINE_HIDPI_IMAGES = YES;
				CURRENT_PROJECT_VERSION = 1;
				DEBUG_INFORMATION_FORMAT = "dwarf-with-dsym";
				DEFINES_MODULE = YES;
				DYLIB_COMPATIBILITY_VERSION = 1;
				DYLIB_CURRENT_VERSION = 1;
				DYLIB_INSTALL_NAME_BASE = "@rpath";
				ENABLE_STRICT_OBJC_MSGSEND = YES;
				FRAMEWORK_VERSION = A;
				GCC_NO_COMMON_BLOCKS = YES;
				INFOPLIST_FILE = "Supporting Files/Info.plist";
				INSTALL_PATH = "$(LOCAL_LIBRARY_DIR)/Frameworks";
				LD_RUNPATH_SEARCH_PATHS = "$(inherited) @executable_path/../Frameworks @loader_path/Frameworks";
				MTL_ENABLE_DEBUG_INFO = NO;
				PRODUCT_BUNDLE_IDENTIFIER = com.cocoapods.ReactiveMoya;
				PRODUCT_NAME = "$(TARGET_NAME)";
				SDKROOT = macosx;
				SKIP_INSTALL = YES;
				VERSIONING_SYSTEM = "apple-generic";
				VERSION_INFO_PREFIX = "";
			};
			name = Release;
		};
		43DF0F80B7E0BA6FB3BCC0CD /* Release */ = {
			isa = XCBuildConfiguration;
			buildSettings = {
				COMBINE_HIDPI_IMAGES = YES;
				CURRENT_PROJECT_VERSION = 1;
				DEBUG_INFORMATION_FORMAT = "dwarf-with-dsym";
				DEFINES_MODULE = YES;
				DYLIB_COMPATIBILITY_VERSION = 1;
				DYLIB_CURRENT_VERSION = 1;
				DYLIB_INSTALL_NAME_BASE = "@rpath";
				ENABLE_STRICT_OBJC_MSGSEND = YES;
				FRAMEWORK_VERSION = A;
				GCC_NO_COMMON_BLOCKS = YES;
				INFOPLIST_FILE = "Supporting Files/Info.plist";
				INSTALL_PATH = "$(LOCAL_LIBRARY_DIR)/Frameworks";
				LD_RUNPATH_SEARCH_PATHS = "$(inherited) @executable_path/../Frameworks @loader_path/Frameworks";
				MTL_ENABLE_DEBUG_INFO = NO;
				PRODUCT_BUNDLE_IDENTIFIER = com.cocoapods.RxMoya;
				PRODUCT_NAME = "$(TARGET_NAME)";
				SDKROOT = macosx;
				SKIP_INSTALL = YES;
				VERSIONING_SYSTEM = "apple-generic";
				VERSION_INFO_PREFIX = "";
			};
			name = Release;
		};
		4FCF4D97ECC2184E04B50F89 /* Debug */ = {
			isa = XCBuildConfiguration;
			buildSettings = {
				COMBINE_HIDPI_IMAGES = YES;
				CURRENT_PROJECT_VERSION = 1;
				DEBUG_INFORMATION_FORMAT = dwarf;
				DEFINES_MODULE = YES;
				DYLIB_COMPATIBILITY_VERSION = 1;
				DYLIB_CURRENT_VERSION = 1;
				DYLIB_INSTALL_NAME_BASE = "@rpath";
				ENABLE_STRICT_OBJC_MSGSEND = YES;
				FRAMEWORK_VERSION = A;
				GCC_NO_COMMON_BLOCKS = YES;
				INFOPLIST_FILE = "Supporting Files/Info.plist";
				INSTALL_PATH = "$(LOCAL_LIBRARY_DIR)/Frameworks";
				LD_RUNPATH_SEARCH_PATHS = "$(inherited) @executable_path/../Frameworks @loader_path/Frameworks";
				MTL_ENABLE_DEBUG_INFO = YES;
				PRODUCT_BUNDLE_IDENTIFIER = com.cocoapods.Moya;
				PRODUCT_NAME = "$(TARGET_NAME)";
				SDKROOT = macosx;
				SKIP_INSTALL = YES;
				SWIFT_OPTIMIZATION_LEVEL = "-Onone";
				VERSIONING_SYSTEM = "apple-generic";
				VERSION_INFO_PREFIX = "";
			};
			name = Debug;
		};
		560234F4316B1A1FDB51866A /* Debug */ = {
			isa = XCBuildConfiguration;
			buildSettings = {
				COMBINE_HIDPI_IMAGES = YES;
				CURRENT_PROJECT_VERSION = 1;
				DEBUG_INFORMATION_FORMAT = dwarf;
				DEFINES_MODULE = YES;
				DYLIB_COMPATIBILITY_VERSION = 1;
				DYLIB_CURRENT_VERSION = 1;
				DYLIB_INSTALL_NAME_BASE = "@rpath";
				ENABLE_STRICT_OBJC_MSGSEND = YES;
				FRAMEWORK_VERSION = A;
				GCC_NO_COMMON_BLOCKS = YES;
				INFOPLIST_FILE = "Supporting Files/Info.plist";
				INSTALL_PATH = "$(LOCAL_LIBRARY_DIR)/Frameworks";
				LD_RUNPATH_SEARCH_PATHS = "$(inherited) @executable_path/../Frameworks @loader_path/Frameworks";
				MTL_ENABLE_DEBUG_INFO = YES;
				PRODUCT_BUNDLE_IDENTIFIER = com.cocoapods.ReactiveMoya;
				PRODUCT_NAME = "$(TARGET_NAME)";
				SDKROOT = macosx;
				SKIP_INSTALL = YES;
				SWIFT_OPTIMIZATION_LEVEL = "-Onone";
				VERSIONING_SYSTEM = "apple-generic";
				VERSION_INFO_PREFIX = "";
			};
			name = Debug;
		};
		6DCDA175BDBC86FC77AB6628 /* Debug */ = {
			isa = XCBuildConfiguration;
			buildSettings = {
				DEBUG_INFORMATION_FORMAT = dwarf;
				ENABLE_STRICT_OBJC_MSGSEND = YES;
				GCC_NO_COMMON_BLOCKS = YES;
				INFOPLIST_FILE = "Supporting Files/Info.plist";
				LD_RUNPATH_SEARCH_PATHS = "$(inherited) @executable_path/Frameworks @loader_path/Frameworks";
				"LD_RUNPATH_SEARCH_PATHS[sdk=macosx*]" = "$(inherited) @executable_path/../Frameworks @loader_path/../Frameworks";
				MTL_ENABLE_DEBUG_INFO = YES;
				PRODUCT_BUNDLE_IDENTIFIER = com.cocoapods.MoyaTests;
				PRODUCT_NAME = "$(TARGET_NAME)";
				SDKROOT = macosx;
				SUPPORTED_PLATFORMS = "macosx iphoneos iphonesimulator appletvos appletvsimulator watchos watchsimulator";
				SWIFT_OPTIMIZATION_LEVEL = "-Onone";
			};
			name = Debug;
		};
		853BD13F20A334DFB7B7219D /* Debug */ = {
			isa = XCBuildConfiguration;
			buildSettings = {
				ALWAYS_SEARCH_USER_PATHS = NO;
				CLANG_ANALYZER_NONNULL = YES;
				CLANG_CXX_LANGUAGE_STANDARD = "gnu++0x";
				CLANG_CXX_LIBRARY = "libc++";
				CLANG_ENABLE_MODULES = YES;
				CLANG_ENABLE_OBJC_ARC = YES;
				CLANG_WARN_BOOL_CONVERSION = YES;
				CLANG_WARN_CONSTANT_CONVERSION = YES;
				CLANG_WARN_DIRECT_OBJC_ISA_USAGE = YES;
				CLANG_WARN_EMPTY_BODY = YES;
				CLANG_WARN_ENUM_CONVERSION = YES;
				CLANG_WARN_INFINITE_RECURSION = YES;
				CLANG_WARN_INT_CONVERSION = YES;
				CLANG_WARN_OBJC_ROOT_CLASS = YES;
				CLANG_WARN_SUSPICIOUS_MOVE = YES;
				CLANG_WARN_UNREACHABLE_CODE = YES;
				CLANG_WARN__DUPLICATE_METHOD_MATCH = YES;
				CODE_SIGN_IDENTITY = "";
				COMBINE_HIDPI_IMAGES = YES;
				COPY_PHASE_STRIP = NO;
				ENABLE_STRICT_OBJC_MSGSEND = YES;
				ENABLE_TESTABILITY = YES;
				"FRAMEWORK_SEARCH_PATHS[sdk=appletv*]" = "$(SRCROOT)/Carthage/Build/tvOS/ $(inherited)";
				"FRAMEWORK_SEARCH_PATHS[sdk=iphone*]" = "$(SRCROOT)/Carthage/Build/iOS/ $(inherited)";
				"FRAMEWORK_SEARCH_PATHS[sdk=macosx*]" = "$(SRCROOT)/Carthage/Build/Mac/ $(inherited)";
				"FRAMEWORK_SEARCH_PATHS[sdk=watch*]" = "$(SRCROOT)/Carthage/Build/watchOS/ $(inherited)";
				GCC_C_LANGUAGE_STANDARD = gnu99;
				GCC_DYNAMIC_NO_PIC = NO;
				GCC_NO_COMMON_BLOCKS = YES;
				GCC_OPTIMIZATION_LEVEL = 0;
				GCC_PREPROCESSOR_DEFINITIONS = (
					"DEBUG=1",
					"$(inherited)",
				);
				GCC_SYMBOLS_PRIVATE_EXTERN = NO;
				GCC_WARN_64_TO_32_BIT_CONVERSION = YES;
				GCC_WARN_ABOUT_RETURN_TYPE = YES;
				GCC_WARN_UNDECLARED_SELECTOR = YES;
				GCC_WARN_UNINITIALIZED_AUTOS = YES;
				GCC_WARN_UNUSED_FUNCTION = YES;
				GCC_WARN_UNUSED_VARIABLE = YES;
				IPHONEOS_DEPLOYMENT_TARGET = 8.0;
				MACOSX_DEPLOYMENT_TARGET = 10.11;
				ONLY_ACTIVE_ARCH = YES;
				SDKROOT = macosx;
				SUPPORTED_PLATFORMS = "macosx iphoneos iphonesimulator appletvos appletvsimulator watchos watchsimulator";
				SWIFT_OPTIMIZATION_LEVEL = "-Owholemodule";
				SWIFT_VERSION = 3.0;
				TARGETED_DEVICE_FAMILY = "1,2,3,4";
				TVOS_DEPLOYMENT_TARGET = 9.0;
				WATCHOS_DEPLOYMENT_TARGET = 2.0;
			};
			name = Debug;
		};
		96C8343E39AF682DF0F9635D /* Debug */ = {
			isa = XCBuildConfiguration;
			buildSettings = {
				DEBUG_INFORMATION_FORMAT = dwarf;
				ENABLE_STRICT_OBJC_MSGSEND = YES;
				GCC_NO_COMMON_BLOCKS = YES;
				INFOPLIST_FILE = "Supporting Files/Info.plist";
				LD_RUNPATH_SEARCH_PATHS = "$(inherited) @executable_path/Frameworks @loader_path/Frameworks";
				"LD_RUNPATH_SEARCH_PATHS[sdk=macosx*]" = "$(inherited) @executable_path/../Frameworks @loader_path/../Frameworks";
				MTL_ENABLE_DEBUG_INFO = YES;
				PRODUCT_BUNDLE_IDENTIFIER = com.cocoapods.RxMoyaTests;
				PRODUCT_NAME = "$(TARGET_NAME)";
				SDKROOT = macosx;
				SUPPORTED_PLATFORMS = "macosx iphoneos iphonesimulator appletvos appletvsimulator watchos watchsimulator";
				SWIFT_OPTIMIZATION_LEVEL = "-Onone";
			};
			name = Debug;
		};
		E176296C6B4FB4217A4EEAF4 /* Release */ = {
			isa = XCBuildConfiguration;
			buildSettings = {
				DEBUG_INFORMATION_FORMAT = "dwarf-with-dsym";
				ENABLE_STRICT_OBJC_MSGSEND = YES;
				GCC_NO_COMMON_BLOCKS = YES;
				INFOPLIST_FILE = "Supporting Files/Info.plist";
				LD_RUNPATH_SEARCH_PATHS = "$(inherited) @executable_path/Frameworks @loader_path/Frameworks";
				"LD_RUNPATH_SEARCH_PATHS[sdk=macosx*]" = "$(inherited) @executable_path/../Frameworks @loader_path/../Frameworks";
				MTL_ENABLE_DEBUG_INFO = NO;
				PRODUCT_BUNDLE_IDENTIFIER = com.cocoapods.MoyaTests;
				PRODUCT_NAME = "$(TARGET_NAME)";
				SDKROOT = macosx;
				SUPPORTED_PLATFORMS = "macosx iphoneos iphonesimulator appletvos appletvsimulator watchos watchsimulator";
			};
			name = Release;
		};
		EA78D924F7D9074D4AFCEB2C /* Release */ = {
			isa = XCBuildConfiguration;
			buildSettings = {
				ALWAYS_SEARCH_USER_PATHS = NO;
				CLANG_ANALYZER_NONNULL = YES;
				CLANG_CXX_LANGUAGE_STANDARD = "gnu++0x";
				CLANG_CXX_LIBRARY = "libc++";
				CLANG_ENABLE_MODULES = YES;
				CLANG_ENABLE_OBJC_ARC = YES;
				CLANG_WARN_BOOL_CONVERSION = YES;
				CLANG_WARN_CONSTANT_CONVERSION = YES;
				CLANG_WARN_DIRECT_OBJC_ISA_USAGE = YES;
				CLANG_WARN_EMPTY_BODY = YES;
				CLANG_WARN_ENUM_CONVERSION = YES;
				CLANG_WARN_INFINITE_RECURSION = YES;
				CLANG_WARN_INT_CONVERSION = YES;
				CLANG_WARN_OBJC_ROOT_CLASS = YES;
				CLANG_WARN_SUSPICIOUS_MOVE = YES;
				CLANG_WARN_UNREACHABLE_CODE = YES;
				CLANG_WARN__DUPLICATE_METHOD_MATCH = YES;
				CODE_SIGN_IDENTITY = "";
				COMBINE_HIDPI_IMAGES = YES;
				COPY_PHASE_STRIP = YES;
				ENABLE_NS_ASSERTIONS = NO;
				ENABLE_STRICT_OBJC_MSGSEND = YES;
				"FRAMEWORK_SEARCH_PATHS[sdk=appletv*]" = "$(SRCROOT)/Carthage/Build/tvOS/ $(inherited)";
				"FRAMEWORK_SEARCH_PATHS[sdk=iphone*]" = "$(SRCROOT)/Carthage/Build/iOS/ $(inherited)";
				"FRAMEWORK_SEARCH_PATHS[sdk=macosx*]" = "$(SRCROOT)/Carthage/Build/Mac/ $(inherited)";
				"FRAMEWORK_SEARCH_PATHS[sdk=watch*]" = "$(SRCROOT)/Carthage/Build/watchOS/ $(inherited)";
				GCC_C_LANGUAGE_STANDARD = gnu99;
				GCC_NO_COMMON_BLOCKS = YES;
				GCC_WARN_64_TO_32_BIT_CONVERSION = YES;
				GCC_WARN_ABOUT_RETURN_TYPE = YES;
				GCC_WARN_UNDECLARED_SELECTOR = YES;
				GCC_WARN_UNINITIALIZED_AUTOS = YES;
				GCC_WARN_UNUSED_FUNCTION = YES;
				GCC_WARN_UNUSED_VARIABLE = YES;
				IPHONEOS_DEPLOYMENT_TARGET = 8.0;
				MACOSX_DEPLOYMENT_TARGET = 10.11;
				SDKROOT = macosx;
				SUPPORTED_PLATFORMS = "macosx iphoneos iphonesimulator appletvos appletvsimulator watchos watchsimulator";
				SWIFT_OPTIMIZATION_LEVEL = "-Owholemodule";
				SWIFT_VERSION = 3.0;
				TARGETED_DEVICE_FAMILY = "1,2,3,4";
				TVOS_DEPLOYMENT_TARGET = 9.0;
				VALIDATE_PRODUCT = YES;
				WATCHOS_DEPLOYMENT_TARGET = 2.0;
			};
			name = Release;
		};
		F857112FD9108EA3ED2E01E3 /* Release */ = {
			isa = XCBuildConfiguration;
			buildSettings = {
				DEBUG_INFORMATION_FORMAT = "dwarf-with-dsym";
				ENABLE_STRICT_OBJC_MSGSEND = YES;
				GCC_NO_COMMON_BLOCKS = YES;
				INFOPLIST_FILE = "Supporting Files/Info.plist";
				LD_RUNPATH_SEARCH_PATHS = "$(inherited) @executable_path/Frameworks @loader_path/Frameworks";
				"LD_RUNPATH_SEARCH_PATHS[sdk=macosx*]" = "$(inherited) @executable_path/../Frameworks @loader_path/../Frameworks";
				MTL_ENABLE_DEBUG_INFO = NO;
				PRODUCT_BUNDLE_IDENTIFIER = com.cocoapods.RxMoyaTests;
				PRODUCT_NAME = "$(TARGET_NAME)";
				SDKROOT = macosx;
				SUPPORTED_PLATFORMS = "macosx iphoneos iphonesimulator appletvos appletvsimulator watchos watchsimulator";
			};
			name = Release;
		};
/* End XCBuildConfiguration section */

/* Begin XCConfigurationList section */
		1E7987F2F6A6A7DAE6AA240A /* Build configuration list for PBXProject "Moya" */ = {
			isa = XCConfigurationList;
			buildConfigurations = (
				853BD13F20A334DFB7B7219D /* Debug */,
				EA78D924F7D9074D4AFCEB2C /* Release */,
			);
			defaultConfigurationIsVisible = 0;
			defaultConfigurationName = Release;
		};
		47BC1BC97D54C18DE0B88BB9 /* Build configuration list for PBXNativeTarget "RxMoyaTests" */ = {
			isa = XCConfigurationList;
			buildConfigurations = (
				F857112FD9108EA3ED2E01E3 /* Release */,
				96C8343E39AF682DF0F9635D /* Debug */,
			);
			defaultConfigurationIsVisible = 0;
			defaultConfigurationName = Release;
		};
		B386DDB92C15B16F5B488CE0 /* Build configuration list for PBXNativeTarget "ReactiveMoya" */ = {
			isa = XCConfigurationList;
			buildConfigurations = (
				436EA76BF6A18164CB6C2EE9 /* Release */,
				560234F4316B1A1FDB51866A /* Debug */,
			);
			defaultConfigurationIsVisible = 0;
			defaultConfigurationName = Release;
		};
		D784D6C4D031A22A0BB0F9B4 /* Build configuration list for PBXNativeTarget "MoyaTests" */ = {
			isa = XCConfigurationList;
			buildConfigurations = (
				E176296C6B4FB4217A4EEAF4 /* Release */,
				6DCDA175BDBC86FC77AB6628 /* Debug */,
			);
			defaultConfigurationIsVisible = 0;
			defaultConfigurationName = Release;
		};
		E7CDCCA499724B6FEF5B424C /* Build configuration list for PBXNativeTarget "RxMoya" */ = {
			isa = XCConfigurationList;
			buildConfigurations = (
				43DF0F80B7E0BA6FB3BCC0CD /* Release */,
				1C4EF88462545BD7BF5A9C5F /* Debug */,
			);
			defaultConfigurationIsVisible = 0;
			defaultConfigurationName = Release;
		};
		FB382F82C63436F94AE405AD /* Build configuration list for PBXNativeTarget "Moya" */ = {
			isa = XCConfigurationList;
			buildConfigurations = (
				07A374C5A4F185A0420CD398 /* Release */,
				4FCF4D97ECC2184E04B50F89 /* Debug */,
			);
			defaultConfigurationIsVisible = 0;
			defaultConfigurationName = Release;
		};
/* End XCConfigurationList section */
	};
	rootObject = 309FB975200D7E1A1000F675 /* Project object */;
}
